
Microsoft Visual Studio Solution File, Format Version 12.00
# Visual Studio 15
VisualStudioVersion = 15.0.28307.421
MinimumVisualStudioVersion = 10.0.40219.1
Project("{FAE04EC0-301F-11D3-BF4B-00C04F79EFBC}") = "CapaPresupuestos", "CapaPresupuestos\CapaPresupuestos.csproj", "{29CADD0A-6797-4A56-896C-DA80AE8A762A}"
EndProject
Project("{FAE04EC0-301F-11D3-BF4B-00C04F79EFBC}") = "CapaQuerys", "CapaQuerys\CapaQuerys.csproj", "{6EF20446-07D9-45F8-9F87-34185BD8B64F}"
EndProject
Project("{FAE04EC0-301F-11D3-BF4B-00C04F79EFBC}") = "CapaSQL", "CapaSQL\CapaSQL.csproj", "{3B2F4B02-63C6-47B3-853F-7C07AA97931E}"
EndProject
Global
	GlobalSection(SolutionConfigurationPlatforms) = preSolution
		Debug|Any CPU = Debug|Any CPU
		Release|Any CPU = Release|Any CPU
	EndGlobalSection
	GlobalSection(ProjectConfigurationPlatforms) = postSolution
		{29CADD0A-6797-4A56-896C-DA80AE8A762A}.Debug|Any CPU.ActiveCfg = Debug|Any CPU
		{29CADD0A-6797-4A56-896C-DA80AE8A762A}.Debug|Any CPU.Build.0 = Debug|Any CPU
		{29CADD0A-6797-4A56-896C-DA80AE8A762A}.Release|Any CPU.ActiveCfg = Release|Any CPU
		{29CADD0A-6797-4A56-896C-DA80AE8A762A}.Release|Any CPU.Build.0 = Release|Any CPU
		{6EF20446-07D9-45F8-9F87-34185BD8B64F}.Debug|Any CPU.ActiveCfg = Debug|Any CPU
		{6EF20446-07D9-45F8-9F87-34185BD8B64F}.Debug|Any CPU.Build.0 = Debug|Any CPU
		{6EF20446-07D9-45F8-9F87-34185BD8B64F}.Release|Any CPU.ActiveCfg = Release|Any CPU
		{6EF20446-07D9-45F8-9F87-34185BD8B64F}.Release|Any CPU.Build.0 = Release|Any CPU
		{3B2F4B02-63C6-47B3-853F-7C07AA97931E}.Debug|Any CPU.ActiveCfg = Debug|Any CPU
		{3B2F4B02-63C6-47B3-853F-7C07AA97931E}.Debug|Any CPU.Build.0 = Debug|Any CPU
		{3B2F4B02-63C6-47B3-853F-7C07AA97931E}.Release|Any CPU.ActiveCfg = Release|Any CPU
		{3B2F4B02-63C6-47B3-853F-7C07AA97931E}.Release|Any CPU.Build.0 = Release|Any CPU
	EndGlobalSection
	GlobalSection(SolutionProperties) = preSolution
		HideSolutionNode = FALSE
	EndGlobalSection
	GlobalSection(ExtensibilityGlobals) = postSolution
		SolutionGuid = {CF446DF0-1155-4B93-BFFF-A6E43BFF7757}
	EndGlobalSection
EndGlobal
